
Microsoft Visual Studio Solution File, Format Version 12.00
# Visual Studio 15
VisualStudioVersion = 15.0.27703.2035
MinimumVisualStudioVersion = 10.0.40219.1
Project("{FAE04EC0-301F-11D3-BF4B-00C04F79EFBC}") = "FunctionalLibrary", "FunctionalLibrary\FunctionalLibrary.csproj", "{61AAD03A-B386-41BD-AE32-6807200FE560}"
EndProject
Project("{FAE04EC0-301F-11D3-BF4B-00C04F79EFBC}") = "FunctionalLibrary.Tests", "FunctionalLibrary.Tests\FunctionalLibrary.Tests.csproj", "{639B055E-C78C-47E5-8207-A21093E73749}"
EndProject
Global
	GlobalSection(SolutionConfigurationPlatforms) = preSolution
		Debug|Any CPU = Debug|Any CPU
		Release|Any CPU = Release|Any CPU
	EndGlobalSection
	GlobalSection(ProjectConfigurationPlatforms) = postSolution
		{61AAD03A-B386-41BD-AE32-6807200FE560}.Debug|Any CPU.ActiveCfg = Debug|Any CPU
		{61AAD03A-B386-41BD-AE32-6807200FE560}.Debug|Any CPU.Build.0 = Debug|Any CPU
		{61AAD03A-B386-41BD-AE32-6807200FE560}.Release|Any CPU.ActiveCfg = Release|Any CPU
		{61AAD03A-B386-41BD-AE32-6807200FE560}.Release|Any CPU.Build.0 = Release|Any CPU
		{639B055E-C78C-47E5-8207-A21093E73749}.Debug|Any CPU.ActiveCfg = Debug|Any CPU
		{639B055E-C78C-47E5-8207-A21093E73749}.Debug|Any CPU.Build.0 = Debug|Any CPU
		{639B055E-C78C-47E5-8207-A21093E73749}.Release|Any CPU.ActiveCfg = Release|Any CPU
		{639B055E-C78C-47E5-8207-A21093E73749}.Release|Any CPU.Build.0 = Release|Any CPU
	EndGlobalSection
	GlobalSection(SolutionProperties) = preSolution
		HideSolutionNode = FALSE
	EndGlobalSection
	GlobalSection(ExtensibilityGlobals) = postSolution
		SolutionGuid = {852F607F-9469-4561-9D55-F42ACB57289B}
	EndGlobalSection
EndGlobal
